// !$*UTF8*$!
{
	archiveVersion = 1;
	classes = {
	};
	objectVersion = 46;
	objects = {

/* Begin PBXBuildFile section */
		D8F6A4E71F6C6838009BBD3A /* main.m in Sources */ = {isa = PBXBuildFile; fileRef = D8F6A4E61F6C6838009BBD3A /* main.m */; };
		D8F6A4EA1F6C6838009BBD3A /* AppDelegate.m in Sources */ = {isa = PBXBuildFile; fileRef = D8F6A4E91F6C6838009BBD3A /* AppDelegate.m */; };
		D8F6A4ED1F6C6838009BBD3A /* ViewController.m in Sources */ = {isa = PBXBuildFile; fileRef = D8F6A4EC1F6C6838009BBD3A /* ViewController.m */; };
		D8F6A4F01F6C6838009BBD3A /* Main.storyboard in Resources */ = {isa = PBXBuildFile; fileRef = D8F6A4EE1F6C6838009BBD3A /* Main.storyboard */; };
		D8F6A4F21F6C6838009BBD3A /* Assets.xcassets in Resources */ = {isa = PBXBuildFile; fileRef = D8F6A4F11F6C6838009BBD3A /* Assets.xcassets */; };
		D8F6A4F51F6C6838009BBD3A /* LaunchScreen.storyboard in Resources */ = {isa = PBXBuildFile; fileRef = D8F6A4F31F6C6838009BBD3A /* LaunchScreen.storyboard */; };
		D8F6A5001F6C6839009BBD3A /* AKSStoreTests.m in Sources */ = {isa = PBXBuildFile; fileRef = D8F6A4FF1F6C6839009BBD3A /* AKSStoreTests.m */; };
		D8F6A50B1F6C6839009BBD3A /* AKSStoreUITests.m in Sources */ = {isa = PBXBuildFile; fileRef = D8F6A50A1F6C6839009BBD3A /* AKSStoreUITests.m */; };
/* End PBXBuildFile section */

/* Begin PBXContainerItemProxy section */
		D8F6A4FC1F6C6838009BBD3A /* PBXContainerItemProxy */ = {
			isa = PBXContainerItemProxy;
			containerPortal = D8F6A4DA1F6C6838009BBD3A /* Project object */;
			proxyType = 1;
			remoteGlobalIDString = D8F6A4E11F6C6838009BBD3A;
			remoteInfo = AKSStore;
		};
		D8F6A5071F6C6839009BBD3A /* PBXContainerItemProxy */ = {
			isa = PBXContainerItemProxy;
			containerPortal = D8F6A4DA1F6C6838009BBD3A /* Project object */;
			proxyType = 1;
			remoteGlobalIDString = D8F6A4E11F6C6838009BBD3A;
			remoteInfo = AKSStore;
		};
/* End PBXContainerItemProxy section */

/* Begin PBXFileReference section */
		D8F6A4E21F6C6838009BBD3A /* AKSStore.app */ = {isa = PBXFileReference; explicitFileType = wrapper.application; includeInIndex = 0; path = AKSStore.app; sourceTree = BUILT_PRODUCTS_DIR; };
		D8F6A4E61F6C6838009BBD3A /* main.m */ = {isa = PBXFileReference; lastKnownFileType = sourcecode.c.objc; path = main.m; sourceTree = "<group>"; };
		D8F6A4E81F6C6838009BBD3A /* AppDelegate.h */ = {isa = PBXFileReference; lastKnownFileType = sourcecode.c.h; path = AppDelegate.h; sourceTree = "<group>"; };
		D8F6A4E91F6C6838009BBD3A /* AppDelegate.m */ = {isa = PBXFileReference; lastKnownFileType = sourcecode.c.objc; path = AppDelegate.m; sourceTree = "<group>"; };
		D8F6A4EB1F6C6838009BBD3A /* ViewController.h */ = {isa = PBXFileReference; lastKnownFileType = sourcecode.c.h; path = ViewController.h; sourceTree = "<group>"; };
		D8F6A4EC1F6C6838009BBD3A /* ViewController.m */ = {isa = PBXFileReference; lastKnownFileType = sourcecode.c.objc; path = ViewController.m; sourceTree = "<group>"; };
		D8F6A4EF1F6C6838009BBD3A /* Base */ = {isa = PBXFileReference; lastKnownFileType = file.storyboard; name = Base; path = Base.lproj/Main.storyboard; sourceTree = "<group>"; };
		D8F6A4F11F6C6838009BBD3A /* Assets.xcassets */ = {isa = PBXFileReference; lastKnownFileType = folder.assetcatalog; path = Assets.xcassets; sourceTree = "<group>"; };
		D8F6A4F41F6C6838009BBD3A /* Base */ = {isa = PBXFileReference; lastKnownFileType = file.storyboard; name = Base; path = Base.lproj/LaunchScreen.storyboard; sourceTree = "<group>"; };
		D8F6A4F61F6C6838009BBD3A /* Info.plist */ = {isa = PBXFileReference; lastKnownFileType = text.plist.xml; path = Info.plist; sourceTree = "<group>"; };
		D8F6A4FB1F6C6838009BBD3A /* AKSStoreTests.xctest */ = {isa = PBXFileReference; explicitFileType = wrapper.cfbundle; includeInIndex = 0; path = AKSStoreTests.xctest; sourceTree = BUILT_PRODUCTS_DIR; };
		D8F6A4FF1F6C6839009BBD3A /* AKSStoreTests.m */ = {isa = PBXFileReference; lastKnownFileType = sourcecode.c.objc; path = AKSStoreTests.m; sourceTree = "<group>"; };
		D8F6A5011F6C6839009BBD3A /* Info.plist */ = {isa = PBXFileReference; lastKnownFileType = text.plist.xml; path = Info.plist; sourceTree = "<group>"; };
		D8F6A5061F6C6839009BBD3A /* AKSStoreUITests.xctest */ = {isa = PBXFileReference; explicitFileType = wrapper.cfbundle; includeInIndex = 0; path = AKSStoreUITests.xctest; sourceTree = BUILT_PRODUCTS_DIR; };
		D8F6A50A1F6C6839009BBD3A /* AKSStoreUITests.m */ = {isa = PBXFileReference; lastKnownFileType = sourcecode.c.objc; path = AKSStoreUITests.m; sourceTree = "<group>"; };
		D8F6A50C1F6C6839009BBD3A /* Info.plist */ = {isa = PBXFileReference; lastKnownFileType = text.plist.xml; path = Info.plist; sourceTree = "<group>"; };
/* End PBXFileReference section */

/* Begin PBXFrameworksBuildPhase section */
		D8F6A4DF1F6C6838009BBD3A /* Frameworks */ = {
			isa = PBXFrameworksBuildPhase;
			buildActionMask = 2147483647;
			files = (
			);
			runOnlyForDeploymentPostprocessing = 0;
		};
		D8F6A4F81F6C6838009BBD3A /* Frameworks */ = {
			isa = PBXFrameworksBuildPhase;
			buildActionMask = 2147483647;
			files = (
			);
			runOnlyForDeploymentPostprocessing = 0;
		};
		D8F6A5031F6C6839009BBD3A /* Frameworks */ = {
			isa = PBXFrameworksBuildPhase;
			buildActionMask = 2147483647;
			files = (
			);
			runOnlyForDeploymentPostprocessing = 0;
		};
/* End PBXFrameworksBuildPhase section */

/* Begin PBXGroup section */
		D8F6A4D91F6C6838009BBD3A = {
			isa = PBXGroup;
			children = (
				D8F6A4E41F6C6838009BBD3A /* AKSStore */,
				D8F6A4FE1F6C6838009BBD3A /* AKSStoreTests */,
				D8F6A5091F6C6839009BBD3A /* AKSStoreUITests */,
				D8F6A4E31F6C6838009BBD3A /* Products */,
			);
			sourceTree = "<group>";
		};
		D8F6A4E31F6C6838009BBD3A /* Products */ = {
			isa = PBXGroup;
			children = (
				D8F6A4E21F6C6838009BBD3A /* AKSStore.app */,
				D8F6A4FB1F6C6838009BBD3A /* AKSStoreTests.xctest */,
				D8F6A5061F6C6839009BBD3A /* AKSStoreUITests.xctest */,
			);
			name = Products;
			sourceTree = "<group>";
		};
		D8F6A4E41F6C6838009BBD3A /* AKSStore */ = {
			isa = PBXGroup;
			children = (
				D8F6A4E81F6C6838009BBD3A /* AppDelegate.h */,
				D8F6A4E91F6C6838009BBD3A /* AppDelegate.m */,
				D8F6A4EB1F6C6838009BBD3A /* ViewController.h */,
				D8F6A4EC1F6C6838009BBD3A /* ViewController.m */,
				D8F6A4EE1F6C6838009BBD3A /* Main.storyboard */,
				D8F6A4F11F6C6838009BBD3A /* Assets.xcassets */,
				D8F6A4F31F6C6838009BBD3A /* LaunchScreen.storyboard */,
				D8F6A4F61F6C6838009BBD3A /* Info.plist */,
				D8F6A4E51F6C6838009BBD3A /* Supporting Files */,
			);
			path = AKSStore;
			sourceTree = "<group>";
		};
		D8F6A4E51F6C6838009BBD3A /* Supporting Files */ = {
			isa = PBXGroup;
			children = (
				D8F6A4E61F6C6838009BBD3A /* main.m */,
			);
			name = "Supporting Files";
			sourceTree = "<group>";
		};
		D8F6A4FE1F6C6838009BBD3A /* AKSStoreTests */ = {
			isa = PBXGroup;
			children = (
				D8F6A4FF1F6C6839009BBD3A /* AKSStoreTests.m */,
				D8F6A5011F6C6839009BBD3A /* Info.plist */,
			);
			path = AKSStoreTests;
			sourceTree = "<group>";
		};
		D8F6A5091F6C6839009BBD3A /* AKSStoreUITests */ = {
			isa = PBXGroup;
			children = (
				D8F6A50A1F6C6839009BBD3A /* AKSStoreUITests.m */,
				D8F6A50C1F6C6839009BBD3A /* Info.plist */,
			);
			path = AKSStoreUITests;
			sourceTree = "<group>";
		};
/* End PBXGroup section */

/* Begin PBXNativeTarget section */
		D8F6A4E11F6C6838009BBD3A /* AKSStore */ = {
			isa = PBXNativeTarget;
			buildConfigurationList = D8F6A50F1F6C6839009BBD3A /* Build configuration list for PBXNativeTarget "AKSStore" */;
			buildPhases = (
				D8F6A4DE1F6C6838009BBD3A /* Sources */,
				D8F6A4DF1F6C6838009BBD3A /* Frameworks */,
				D8F6A4E01F6C6838009BBD3A /* Resources */,
			);
			buildRules = (
			);
			dependencies = (
			);
			name = AKSStore;
			productName = AKSStore;
			productReference = D8F6A4E21F6C6838009BBD3A /* AKSStore.app */;
			productType = "com.apple.product-type.application";
		};
		D8F6A4FA1F6C6838009BBD3A /* AKSStoreTests */ = {
			isa = PBXNativeTarget;
			buildConfigurationList = D8F6A5121F6C6839009BBD3A /* Build configuration list for PBXNativeTarget "AKSStoreTests" */;
			buildPhases = (
				D8F6A4F71F6C6838009BBD3A /* Sources */,
				D8F6A4F81F6C6838009BBD3A /* Frameworks */,
				D8F6A4F91F6C6838009BBD3A /* Resources */,
			);
			buildRules = (
			);
			dependencies = (
				D8F6A4FD1F6C6838009BBD3A /* PBXTargetDependency */,
			);
			name = AKSStoreTests;
			productName = AKSStoreTests;
			productReference = D8F6A4FB1F6C6838009BBD3A /* AKSStoreTests.xctest */;
			productType = "com.apple.product-type.bundle.unit-test";
		};
		D8F6A5051F6C6839009BBD3A /* AKSStoreUITests */ = {
			isa = PBXNativeTarget;
			buildConfigurationList = D8F6A5151F6C6839009BBD3A /* Build configuration list for PBXNativeTarget "AKSStoreUITests" */;
			buildPhases = (
				D8F6A5021F6C6839009BBD3A /* Sources */,
				D8F6A5031F6C6839009BBD3A /* Frameworks */,
				D8F6A5041F6C6839009BBD3A /* Resources */,
			);
			buildRules = (
			);
			dependencies = (
				D8F6A5081F6C6839009BBD3A /* PBXTargetDependency */,
			);
			name = AKSStoreUITests;
			productName = AKSStoreUITests;
			productReference = D8F6A5061F6C6839009BBD3A /* AKSStoreUITests.xctest */;
			productType = "com.apple.product-type.bundle.ui-testing";
		};
/* End PBXNativeTarget section */

/* Begin PBXProject section */
		D8F6A4DA1F6C6838009BBD3A /* Project object */ = {
			isa = PBXProject;
			attributes = {
				LastUpgradeCheck = 0830;
				ORGANIZATIONNAME = surya;
				TargetAttributes = {
					D8F6A4E11F6C6838009BBD3A = {
						CreatedOnToolsVersion = 8.3.3;
						ProvisioningStyle = Automatic;
					};
					D8F6A4FA1F6C6838009BBD3A = {
						CreatedOnToolsVersion = 8.3.3;
						ProvisioningStyle = Automatic;
						TestTargetID = D8F6A4E11F6C6838009BBD3A;
					};
					D8F6A5051F6C6839009BBD3A = {
						CreatedOnToolsVersion = 8.3.3;
						ProvisioningStyle = Automatic;
						TestTargetID = D8F6A4E11F6C6838009BBD3A;
					};
				};
			};
			buildConfigurationList = D8F6A4DD1F6C6838009BBD3A /* Build configuration list for PBXProject "AKSStore" */;
			compatibilityVersion = "Xcode 3.2";
			developmentRegion = English;
			hasScannedForEncodings = 0;
			knownRegions = (
				en,
				Base,
			);
			mainGroup = D8F6A4D91F6C6838009BBD3A;
			productRefGroup = D8F6A4E31F6C6838009BBD3A /* Products */;
			projectDirPath = "";
			projectRoot = "";
			targets = (
				D8F6A4E11F6C6838009BBD3A /* AKSStore */,
				D8F6A4FA1F6C6838009BBD3A /* AKSStoreTests */,
				D8F6A5051F6C6839009BBD3A /* AKSStoreUITests */,
			);
		};
/* End PBXProject section */

/* Begin PBXResourcesBuildPhase section */
		D8F6A4E01F6C6838009BBD3A /* Resources */ = {
			isa = PBXResourcesBuildPhase;
			buildActionMask = 2147483647;
			files = (
				D8F6A4F51F6C6838009BBD3A /* LaunchScreen.storyboard in Resources */,
				D8F6A4F21F6C6838009BBD3A /* Assets.xcassets in Resources */,
				D8F6A4F01F6C6838009BBD3A /* Main.storyboard in Resources */,
			);
			runOnlyForDeploymentPostprocessing = 0;
		};
		D8F6A4F91F6C6838009BBD3A /* Resources */ = {
			isa = PBXResourcesBuildPhase;
			buildActionMask = 2147483647;
			files = (
			);
			runOnlyForDeploymentPostprocessing = 0;
		};
		D8F6A5041F6C6839009BBD3A /* Resources */ = {
			isa = PBXResourcesBuildPhase;
			buildActionMask = 2147483647;
			files = (
			);
			runOnlyForDeploymentPostprocessing = 0;
		};
/* End PBXResourcesBuildPhase section */

/* Begin PBXSourcesBuildPhase section */
		D8F6A4DE1F6C6838009BBD3A /* Sources */ = {
			isa = PBXSourcesBuildPhase;
			buildActionMask = 2147483647;
			files = (
				D8F6A4ED1F6C6838009BBD3A /* ViewController.m in Sources */,
				D8F6A4EA1F6C6838009BBD3A /* AppDelegate.m in Sources */,
				D8F6A4E71F6C6838009BBD3A /* main.m in Sources */,
			);
			runOnlyForDeploymentPostprocessing = 0;
		};
		D8F6A4F71F6C6838009BBD3A /* Sources */ = {
			isa = PBXSourcesBuildPhase;
			buildActionMask = 2147483647;
			files = (
				D8F6A5001F6C6839009BBD3A /* AKSStoreTests.m in Sources */,
			);
			runOnlyForDeploymentPostprocessing = 0;
		};
		D8F6A5021F6C6839009BBD3A /* Sources */ = {
			isa = PBXSourcesBuildPhase;
			buildActionMask = 2147483647;
			files = (
				D8F6A50B1F6C6839009BBD3A /* AKSStoreUITests.m in Sources */,
			);
			runOnlyForDeploymentPostprocessing = 0;
		};
/* End PBXSourcesBuildPhase section */

/* Begin PBXTargetDependency section */
		D8F6A4FD1F6C6838009BBD3A /* PBXTargetDependency */ = {
			isa = PBXTargetDependency;
			target = D8F6A4E11F6C6838009BBD3A /* AKSStore */;
			targetProxy = D8F6A4FC1F6C6838009BBD3A /* PBXContainerItemProxy */;
		};
		D8F6A5081F6C6839009BBD3A /* PBXTargetDependency */ = {
			isa = PBXTargetDependency;
			target = D8F6A4E11F6C6838009BBD3A /* AKSStore */;
			targetProxy = D8F6A5071F6C6839009BBD3A /* PBXContainerItemProxy */;
		};
/* End PBXTargetDependency section */

/* Begin PBXVariantGroup section */
		D8F6A4EE1F6C6838009BBD3A /* Main.storyboard */ = {
			isa = PBXVariantGroup;
			children = (
				D8F6A4EF1F6C6838009BBD3A /* Base */,
			);
			name = Main.storyboard;
			sourceTree = "<group>";
		};
		D8F6A4F31F6C6838009BBD3A /* LaunchScreen.storyboard */ = {
			isa = PBXVariantGroup;
			children = (
				D8F6A4F41F6C6838009BBD3A /* Base */,
			);
			name = LaunchScreen.storyboard;
			sourceTree = "<group>";
		};
/* End PBXVariantGroup section */

/* Begin XCBuildConfiguration section */
		D8F6A50D1F6C6839009BBD3A /* Debug */ = {
			isa = XCBuildConfiguration;
			buildSettings = {
				ALWAYS_SEARCH_USER_PATHS = NO;
				CLANG_ANALYZER_NONNULL = YES;
				CLANG_ANALYZER_NUMBER_OBJECT_CONVERSION = YES_AGGRESSIVE;
				CLANG_CXX_LANGUAGE_STANDARD = "gnu++0x";
				CLANG_CXX_LIBRARY = "libc++";
				CLANG_ENABLE_MODULES = YES;
				CLANG_ENABLE_OBJC_ARC = YES;
				CLANG_WARN_BOOL_CONVERSION = YES;
				CLANG_WARN_CONSTANT_CONVERSION = YES;
				CLANG_WARN_DIRECT_OBJC_ISA_USAGE = YES_ERROR;
				CLANG_WARN_DOCUMENTATION_COMMENTS = YES;
				CLANG_WARN_EMPTY_BODY = YES;
				CLANG_WARN_ENUM_CONVERSION = YES;
				CLANG_WARN_INFINITE_RECURSION = YES;
				CLANG_WARN_INT_CONVERSION = YES;
				CLANG_WARN_OBJC_ROOT_CLASS = YES_ERROR;
				CLANG_WARN_SUSPICIOUS_MOVE = YES;
				CLANG_WARN_UNREACHABLE_CODE = YES;
				CLANG_WARN__DUPLICATE_METHOD_MATCH = YES;
				"CODE_SIGN_IDENTITY[sdk=iphoneos*]" = "iPhone Developer";
				COPY_PHASE_STRIP = NO;
				DEBUG_INFORMATION_FORMAT = dwarf;
				ENABLE_STRICT_OBJC_MSGSEND = YES;
				ENABLE_TESTABILITY = YES;
				GCC_C_LANGUAGE_STANDARD = gnu99;
				GCC_DYNAMIC_NO_PIC = NO;
				GCC_NO_COMMON_BLOCKS = YES;
				GCC_OPTIMIZATION_LEVEL = 0;
				GCC_PREPROCESSOR_DEFINITIONS = (
					"DEBUG=1",
					"$(inherited)",
				);
				GCC_WARN_64_TO_32_BIT_CONVERSION = YES;
				GCC_WARN_ABOUT_RETURN_TYPE = YES_ERROR;
				GCC_WARN_UNDECLARED_SELECTOR = YES;
				GCC_WARN_UNINITIALIZED_AUTOS = YES_AGGRESSIVE;
				GCC_WARN_UNUSED_FUNCTION = YES;
				GCC_WARN_UNUSED_VARIABLE = YES;
				IPHONEOS_DEPLOYMENT_TARGET = 10.3;
				MTL_ENABLE_DEBUG_INFO = YES;
				ONLY_ACTIVE_ARCH = YES;
				SDKROOT = iphoneos;
				TARGETED_DEVICE_FAMILY = "1,2";
			};
			name = Debug;
		};
		D8F6A50E1F6C6839009BBD3A /* Release */ = {
			isa = XCBuildConfiguration;
			buildSettings = {
				ALWAYS_SEARCH_USER_PATHS = NO;
				CLANG_ANALYZER_NONNULL = YES;
				CLANG_ANALYZER_NUMBER_OBJECT_CONVERSION = YES_AGGRESSIVE;
				CLANG_CXX_LANGUAGE_STANDARD = "gnu++0x";
				CLANG_CXX_LIBRARY = "libc++";
				CLANG_ENABLE_MODULES = YES;
				CLANG_ENABLE_OBJC_ARC = YES;
				CLANG_WARN_BOOL_CONVERSION = YES;
				CLANG_WARN_CONSTANT_CONVERSION = YES;
				CLANG_WARN_DIRECT_OBJC_ISA_USAGE = YES_ERROR;
				CLANG_WARN_DOCUMENTATION_COMMENTS = YES;
				CLANG_WARN_EMPTY_BODY = YES;
				CLANG_WARN_ENUM_CONVERSION = YES;
				CLANG_WARN_INFINITE_RECURSION = YES;
				CLANG_WARN_INT_CONVERSION = YES;
				CLANG_WARN_OBJC_ROOT_CLASS = YES_ERROR;
				CLANG_WARN_SUSPICIOUS_MOVE = YES;
				CLANG_WARN_UNREACHABLE_CODE = YES;
				CLANG_WARN__DUPLICATE_METHOD_MATCH = YES;
				"CODE_SIGN_IDENTITY[sdk=iphoneos*]" = "iPhone Developer";
				COPY_PHASE_STRIP = NO;
				DEBUG_INFORMATION_FORMAT = "dwarf-with-dsym";
				ENABLE_NS_ASSERTIONS = NO;
				ENABLE_STRICT_OBJC_MSGSEND = YES;
				GCC_C_LANGUAGE_STANDARD = gnu99;
				GCC_NO_COMMON_BLOCKS = YES;
				GCC_WARN_64_TO_32_BIT_CONVERSION = YES;
				GCC_WARN_ABOUT_RETURN_TYPE = YES_ERROR;
				GCC_WARN_UNDECLARED_SELECTOR = YES;
				GCC_WARN_UNINITIALIZED_AUTOS = YES_AGGRESSIVE;
				GCC_WARN_UNUSED_FUNCTION = YES;
				GCC_WARN_UNUSED_VARIABLE = YES;
				IPHONEOS_DEPLOYMENT_TARGET = 10.3;
				MTL_ENABLE_DEBUG_INFO = NO;
				SDKROOT = iphoneos;
				TARGETED_DEVICE_FAMILY = "1,2";
				VALIDATE_PRODUCT = YES;
			};
			name = Release;
		};
		D8F6A5101F6C6839009BBD3A /* Debug */ = {
			isa = XCBuildConfiguration;
			buildSettings = {
				ASSETCATALOG_COMPILER_APPICON_NAME = AppIcon;
				INFOPLIST_FILE = AKSStore/Info.plist;
				LD_RUNPATH_SEARCH_PATHS = "$(inherited) @executable_path/Frameworks";
				PRODUCT_BUNDLE_IDENTIFIER = com.venkata.AKSStore;
				PRODUCT_NAME = "$(TARGET_NAME)";
			};
			name = Debug;
		};
		D8F6A5111F6C6839009BBD3A /* Release */ = {
			isa = XCBuildConfiguration;
			buildSettings = {
				ASSETCATALOG_COMPILER_APPICON_NAME = AppIcon;
				INFOPLIST_FILE = AKSStore/Info.plist;
				LD_RUNPATH_SEARCH_PATHS = "$(inherited) @executable_path/Frameworks";
				PRODUCT_BUNDLE_IDENTIFIER = com.venkata.AKSStore;
				PRODUCT_NAME = "$(TARGET_NAME)";
			};
			name = Release;
		};
		D8F6A5131F6C6839009BBD3A /* Debug */ = {
			isa = XCBuildConfiguration;
			buildSettings = {
				BUNDLE_LOADER = "$(TEST_HOST)";
				INFOPLIST_FILE = AKSStoreTests/Info.plist;
				LD_RUNPATH_SEARCH_PATHS = "$(inherited) @executable_path/Frameworks @loader_path/Frameworks";
				PRODUCT_BUNDLE_IDENTIFIER = com.venkata.AKSStoreTests;
				PRODUCT_NAME = "$(TARGET_NAME)";
				TEST_HOST = "$(BUILT_PRODUCTS_DIR)/AKSStore.app/AKSStore";
			};
			name = Debug;
		};
		D8F6A5141F6C6839009BBD3A /* Release */ = {
			isa = XCBuildConfiguration;
			buildSettings = {
				BUNDLE_LOADER = "$(TEST_HOST)";
				INFOPLIST_FILE = AKSStoreTests/Info.plist;
				LD_RUNPATH_SEARCH_PATHS = "$(inherited) @executable_path/Frameworks @loader_path/Frameworks";
				PRODUCT_BUNDLE_IDENTIFIER = com.venkata.AKSStoreTests;
				PRODUCT_NAME = "$(TARGET_NAME)";
				TEST_HOST = "$(BUILT_PRODUCTS_DIR)/AKSStore.app/AKSStore";
			};
			name = Release;
		};
		D8F6A5161F6C6839009BBD3A /* Debug */ = {
			isa = XCBuildConfiguration;
			buildSettings = {
				INFOPLIST_FILE = AKSStoreUITests/Info.plist;
				LD_RUNPATH_SEARCH_PATHS = "$(inherited) @executable_path/Frameworks @loader_path/Frameworks";
				PRODUCT_BUNDLE_IDENTIFIER = com.venkata.AKSStoreUITests;
				PRODUCT_NAME = "$(TARGET_NAME)";
				TEST_TARGET_NAME = AKSStore;
			};
			name = Debug;
		};
		D8F6A5171F6C6839009BBD3A /* Release */ = {
			isa = XCBuildConfiguration;
			buildSettings = {
				INFOPLIST_FILE = AKSStoreUITests/Info.plist;
				LD_RUNPATH_SEARCH_PATHS = "$(inherited) @executable_path/Frameworks @loader_path/Frameworks";
				PRODUCT_BUNDLE_IDENTIFIER = com.venkata.AKSStoreUITests;
				PRODUCT_NAME = "$(TARGET_NAME)";
				TEST_TARGET_NAME = AKSStore;
			};
			name = Release;
		};
/* End XCBuildConfiguration section */

/* Begin XCConfigurationList section */
		D8F6A4DD1F6C6838009BBD3A /* Build configuration list for PBXProject "AKSStore" */ = {
			isa = XCConfigurationList;
			buildConfigurations = (
				D8F6A50D1F6C6839009BBD3A /* Debug */,
				D8F6A50E1F6C6839009BBD3A /* Release */,
			);
			defaultConfigurationIsVisible = 0;
			defaultConfigurationName = Release;
		};
		D8F6A50F1F6C6839009BBD3A /* Build configuration list for PBXNativeTarget "AKSStore" */ = {
			isa = XCConfigurationList;
			buildConfigurations = (
				D8F6A5101F6C6839009BBD3A /* Debug */,
				D8F6A5111F6C6839009BBD3A /* Release */,
			);
			defaultConfigurationIsVisible = 0;
		};
		D8F6A5121F6C6839009BBD3A /* Build configuration list for PBXNativeTarget "AKSStoreTests" */ = {
			isa = XCConfigurationList;
			buildConfigurations = (
				D8F6A5131F6C6839009BBD3A /* Debug */,
				D8F6A5141F6C6839009BBD3A /* Release */,
			);
			defaultConfigurationIsVisible = 0;
		};
		D8F6A5151F6C6839009BBD3A /* Build configuration list for PBXNativeTarget "AKSStoreUITests" */ = {
			isa = XCConfigurationList;
			buildConfigurations = (
				D8F6A5161F6C6839009BBD3A /* Debug */,
				D8F6A5171F6C6839009BBD3A /* Release */,
			);
			defaultConfigurationIsVisible = 0;
		};
/* End XCConfigurationList section */
	};
	rootObject = D8F6A4DA1F6C6838009BBD3A /* Project object */;
}
